{
  "name": "portfolio-architecte-sophie-bluel",
  "version": "1.0.0",
  "lockfileVersion": 3,
  "requires": true,
  "packages": {
    "": {
      "name": "portfolio-architecte-sophie-bluel",
      "version": "1.0.0",
      "license": "ISC",
      "dependencies": {
        "portfolio-architecte-sophie-bluel": "file:"
      }
    },
    "node_modules/portfolio-architecte-sophie-bluel": {
      "resolved": "",
      "link": true
    }
  }
}
